
Microsoft Visual Studio Solution File, Format Version 12.00
# Visual Studio 15
VisualStudioVersion = 15.0.27703.2035
MinimumVisualStudioVersion = 10.0.40219.1
Project("{FAE04EC0-301F-11D3-BF4B-00C04F79EFBC}") = "WebCoreTest_1", "WebCoreTest_1\WebCoreTest_1.csproj", "{C9ED69EB-92A7-4752-B9AB-6ACFB2965872}"
EndProject
Global
	GlobalSection(SolutionConfigurationPlatforms) = preSolution
		Debug|Any CPU = Debug|Any CPU
		Release|Any CPU = Release|Any CPU
	EndGlobalSection
	GlobalSection(ProjectConfigurationPlatforms) = postSolution
		{C9ED69EB-92A7-4752-B9AB-6ACFB2965872}.Debug|Any CPU.ActiveCfg = Debug|Any CPU
		{C9ED69EB-92A7-4752-B9AB-6ACFB2965872}.Debug|Any CPU.Build.0 = Debug|Any CPU
		{C9ED69EB-92A7-4752-B9AB-6ACFB2965872}.Release|Any CPU.ActiveCfg = Release|Any CPU
		{C9ED69EB-92A7-4752-B9AB-6ACFB2965872}.Release|Any CPU.Build.0 = Release|Any CPU
	EndGlobalSection
	GlobalSection(SolutionProperties) = preSolution
		HideSolutionNode = FALSE
	EndGlobalSection
	GlobalSection(ExtensibilityGlobals) = postSolution
		SolutionGuid = {B04210EF-E35E-4775-BAA4-9A7DB6DD9052}
	EndGlobalSection
EndGlobal
